
Microsoft Visual Studio Solution File, Format Version 12.00
# Visual Studio Version 16
VisualStudioVersion = 16.0.31515.178
MinimumVisualStudioVersion = 10.0.40219.1
Project("{888888A0-9F3D-457C-B088-3A5042F75D52}") = "Sorozatok", "Sorozatok\Sorozatok.pyproj", "{0EE4647E-A393-44F4-B3F6-CE32C05E9075}"
EndProject
Global
	GlobalSection(SolutionConfigurationPlatforms) = preSolution
		Debug|Any CPU = Debug|Any CPU
		Release|Any CPU = Release|Any CPU
	EndGlobalSection
	GlobalSection(ProjectConfigurationPlatforms) = postSolution
		{0EE4647E-A393-44F4-B3F6-CE32C05E9075}.Debug|Any CPU.ActiveCfg = Debug|Any CPU
		{0EE4647E-A393-44F4-B3F6-CE32C05E9075}.Release|Any CPU.ActiveCfg = Release|Any CPU
	EndGlobalSection
	GlobalSection(SolutionProperties) = preSolution
		HideSolutionNode = FALSE
	EndGlobalSection
	GlobalSection(ExtensibilityGlobals) = postSolution
		SolutionGuid = {F479F256-FFFF-4792-A661-0964DA8BCDC7}
	EndGlobalSection
EndGlobal
